
Microsoft Visual Studio Solution File, Format Version 12.00
# Visual Studio Version 16
VisualStudioVersion = 16.0.29418.71
MinimumVisualStudioVersion = 10.0.40219.1
Project("{9A19103F-16F7-4668-BE54-9A1E7A4F7556}") = "Scheduler.Domain", "Scheduler.Domain\Scheduler.Domain.csproj", "{F425C0F3-EBA8-44AB-B7DE-05868D1DE533}"
EndProject
Project("{9A19103F-16F7-4668-BE54-9A1E7A4F7556}") = "Scheduler.Web", "Scheduler.Web\Scheduler.Web.csproj", "{3269BFC8-D16F-4F18-8DBC-DF8C3E8FBC27}"
EndProject
Project("{9A19103F-16F7-4668-BE54-9A1E7A4F7556}") = "Scheduler.Infrastructure", "Scheduler.Infrastructure\Scheduler.Infrastructure.csproj", "{258EFE20-F822-4242-B4EF-06C58B74D5DA}"
EndProject
Global
	GlobalSection(SolutionConfigurationPlatforms) = preSolution
		Debug|Any CPU = Debug|Any CPU
		Release|Any CPU = Release|Any CPU
	EndGlobalSection
	GlobalSection(ProjectConfigurationPlatforms) = postSolution
		{F425C0F3-EBA8-44AB-B7DE-05868D1DE533}.Debug|Any CPU.ActiveCfg = Debug|Any CPU
		{F425C0F3-EBA8-44AB-B7DE-05868D1DE533}.Debug|Any CPU.Build.0 = Debug|Any CPU
		{F425C0F3-EBA8-44AB-B7DE-05868D1DE533}.Release|Any CPU.ActiveCfg = Release|Any CPU
		{F425C0F3-EBA8-44AB-B7DE-05868D1DE533}.Release|Any CPU.Build.0 = Release|Any CPU
		{3269BFC8-D16F-4F18-8DBC-DF8C3E8FBC27}.Debug|Any CPU.ActiveCfg = Debug|Any CPU
		{3269BFC8-D16F-4F18-8DBC-DF8C3E8FBC27}.Debug|Any CPU.Build.0 = Debug|Any CPU
		{3269BFC8-D16F-4F18-8DBC-DF8C3E8FBC27}.Release|Any CPU.ActiveCfg = Release|Any CPU
		{3269BFC8-D16F-4F18-8DBC-DF8C3E8FBC27}.Release|Any CPU.Build.0 = Release|Any CPU
		{258EFE20-F822-4242-B4EF-06C58B74D5DA}.Debug|Any CPU.ActiveCfg = Debug|Any CPU
		{258EFE20-F822-4242-B4EF-06C58B74D5DA}.Debug|Any CPU.Build.0 = Debug|Any CPU
		{258EFE20-F822-4242-B4EF-06C58B74D5DA}.Release|Any CPU.ActiveCfg = Release|Any CPU
		{258EFE20-F822-4242-B4EF-06C58B74D5DA}.Release|Any CPU.Build.0 = Release|Any CPU
	EndGlobalSection
	GlobalSection(SolutionProperties) = preSolution
		HideSolutionNode = FALSE
	EndGlobalSection
	GlobalSection(ExtensibilityGlobals) = postSolution
		SolutionGuid = {38D6DB4B-7CF8-4336-A3AF-3A3E6884CB6F}
	EndGlobalSection
EndGlobal
