
Microsoft Visual Studio Solution File, Format Version 12.00
# Visual Studio Version 16
VisualStudioVersion = 16.0.29418.71
MinimumVisualStudioVersion = 10.0.40219.1
Project("{9A19103F-16F7-4668-BE54-9A1E7A4F7556}") = "Scheduler.Domain", "Scheduler.Domain\Scheduler.Domain.csproj", "{F425C0F3-EBA8-44AB-B7DE-05868D1DE533}"
EndProject
Project("{9A19103F-16F7-4668-BE54-9A1E7A4F7556}") = "Scheduler", "Scheduler\Scheduler.csproj", "{3269BFC8-D16F-4F18-8DBC-DF8C3E8FBC27}"
EndProject
Project("{2150E333-8FDC-42A3-9474-1A3956D46DE8}") = "Solution Items", "Solution Items", "{6C007240-AF1A-49AB-8906-AA21300AAA52}"
	ProjectSection(SolutionItems) = preProject
		docker-compose.yml = docker-compose.yml
	EndProjectSection
EndProject
Project("{9A19103F-16F7-4668-BE54-9A1E7A4F7556}") = "Scheduler.Reporting", "Scheduler.Reporting\Scheduler.Reporting.csproj", "{337161A4-B2E3-49E6-B218-7FACD4E9C065}"
EndProject
Global
	GlobalSection(SolutionConfigurationPlatforms) = preSolution
		Debug|Any CPU = Debug|Any CPU
		Release|Any CPU = Release|Any CPU
	EndGlobalSection
	GlobalSection(ProjectConfigurationPlatforms) = postSolution
		{F425C0F3-EBA8-44AB-B7DE-05868D1DE533}.Debug|Any CPU.ActiveCfg = Debug|Any CPU
		{F425C0F3-EBA8-44AB-B7DE-05868D1DE533}.Debug|Any CPU.Build.0 = Debug|Any CPU
		{F425C0F3-EBA8-44AB-B7DE-05868D1DE533}.Release|Any CPU.ActiveCfg = Release|Any CPU
		{F425C0F3-EBA8-44AB-B7DE-05868D1DE533}.Release|Any CPU.Build.0 = Release|Any CPU
		{3269BFC8-D16F-4F18-8DBC-DF8C3E8FBC27}.Debug|Any CPU.ActiveCfg = Debug|Any CPU
		{3269BFC8-D16F-4F18-8DBC-DF8C3E8FBC27}.Debug|Any CPU.Build.0 = Debug|Any CPU
		{3269BFC8-D16F-4F18-8DBC-DF8C3E8FBC27}.Release|Any CPU.ActiveCfg = Release|Any CPU
		{3269BFC8-D16F-4F18-8DBC-DF8C3E8FBC27}.Release|Any CPU.Build.0 = Release|Any CPU
		{337161A4-B2E3-49E6-B218-7FACD4E9C065}.Debug|Any CPU.ActiveCfg = Debug|Any CPU
		{337161A4-B2E3-49E6-B218-7FACD4E9C065}.Debug|Any CPU.Build.0 = Debug|Any CPU
		{337161A4-B2E3-49E6-B218-7FACD4E9C065}.Release|Any CPU.ActiveCfg = Release|Any CPU
		{337161A4-B2E3-49E6-B218-7FACD4E9C065}.Release|Any CPU.Build.0 = Release|Any CPU
	EndGlobalSection
	GlobalSection(SolutionProperties) = preSolution
		HideSolutionNode = FALSE
	EndGlobalSection
	GlobalSection(ExtensibilityGlobals) = postSolution
		SolutionGuid = {38D6DB4B-7CF8-4336-A3AF-3A3E6884CB6F}
	EndGlobalSection
EndGlobal
